
Microsoft Visual Studio Solution File, Format Version 12.00
# Visual Studio Version 16
VisualStudioVersion = 16.0.29519.87
MinimumVisualStudioVersion = 10.0.40219.1
Project("{9A19103F-16F7-4668-BE54-9A1E7A4F7556}") = "Atlasd", "Atlasd\Atlasd.csproj", "{E6E0DA5F-CDF0-41F6-A3B3-66EAEF70B9EC}"
EndProject
Project("{9A19103F-16F7-4668-BE54-9A1E7A4F7556}") = "MBNCSUtil", "MBNCSUtil\MBNCSUtil.csproj", "{F66D19F8-4F97-4E87-9E18-444ECF289A83}"
EndProject
Global
	GlobalSection(SolutionConfigurationPlatforms) = preSolution
		Debug|Any CPU = Debug|Any CPU
		Release|Any CPU = Release|Any CPU
	EndGlobalSection
	GlobalSection(ProjectConfigurationPlatforms) = postSolution
		{E6E0DA5F-CDF0-41F6-A3B3-66EAEF70B9EC}.Debug|Any CPU.ActiveCfg = Debug|Any CPU
		{E6E0DA5F-CDF0-41F6-A3B3-66EAEF70B9EC}.Debug|Any CPU.Build.0 = Debug|Any CPU
		{E6E0DA5F-CDF0-41F6-A3B3-66EAEF70B9EC}.Release|Any CPU.ActiveCfg = Release|Any CPU
		{E6E0DA5F-CDF0-41F6-A3B3-66EAEF70B9EC}.Release|Any CPU.Build.0 = Release|Any CPU
		{F66D19F8-4F97-4E87-9E18-444ECF289A83}.Debug|Any CPU.ActiveCfg = Debug|Any CPU
		{F66D19F8-4F97-4E87-9E18-444ECF289A83}.Debug|Any CPU.Build.0 = Debug|Any CPU
		{F66D19F8-4F97-4E87-9E18-444ECF289A83}.Release|Any CPU.ActiveCfg = Release|Any CPU
		{F66D19F8-4F97-4E87-9E18-444ECF289A83}.Release|Any CPU.Build.0 = Release|Any CPU
	EndGlobalSection
	GlobalSection(SolutionProperties) = preSolution
		HideSolutionNode = FALSE
	EndGlobalSection
	GlobalSection(ExtensibilityGlobals) = postSolution
		SolutionGuid = {1A27F8FF-3253-43A6-8397-E83D85FD2034}
	EndGlobalSection
EndGlobal
